
Microsoft Visual Studio Solution File, Format Version 12.00
# Visual Studio Version 17
VisualStudioVersion = 17.0.32112.339
MinimumVisualStudioVersion = 10.0.40219.1
Project("{FAE04EC0-301F-11D3-BF4B-00C04F79EFBC}") = "DABAssignment2", "DABAssignment2\DABAssignment2.csproj", "{E4A3E4EB-7F65-471D-ACA5-265B610867A7}"
EndProject
Global
	GlobalSection(SolutionConfigurationPlatforms) = preSolution
		Debug|Any CPU = Debug|Any CPU
		Release|Any CPU = Release|Any CPU
	EndGlobalSection
	GlobalSection(ProjectConfigurationPlatforms) = postSolution
		{E4A3E4EB-7F65-471D-ACA5-265B610867A7}.Debug|Any CPU.ActiveCfg = Debug|Any CPU
		{E4A3E4EB-7F65-471D-ACA5-265B610867A7}.Debug|Any CPU.Build.0 = Debug|Any CPU
		{E4A3E4EB-7F65-471D-ACA5-265B610867A7}.Release|Any CPU.ActiveCfg = Release|Any CPU
		{E4A3E4EB-7F65-471D-ACA5-265B610867A7}.Release|Any CPU.Build.0 = Release|Any CPU
	EndGlobalSection
	GlobalSection(SolutionProperties) = preSolution
		HideSolutionNode = FALSE
	EndGlobalSection
	GlobalSection(ExtensibilityGlobals) = postSolution
		SolutionGuid = {1FDBBD8B-D684-4716-BAAA-B203650E0A26}
	EndGlobalSection
EndGlobal
